{
    "_readme": [
        "This file locks the dependencies of your project to a known state",
        "Read more about it at http://getcomposer.org/doc/01-basic-usage.md#composer-lock-the-lock-file"
    ],
    "hash": "04ccb549ad3de1832fca5ed50e2d31de",
    "packages": [
        {
            "name": "giant-rabbit/php-util",
            "version": "dev-master",
            "source": {
                "type": "git",
                "url": "https://github.com/giant-rabbit/php-util.git",
                "reference": "f3d26319ff72b074a17830bec291e5413ab77657"
            },
            "dist": {
                "type": "zip",
                "url": "https://api.github.com/repos/giant-rabbit/php-util/zipball/f3d26319ff72b074a17830bec291e5413ab77657",
                "reference": "f3d26319ff72b074a17830bec291e5413ab77657",
                "shasum": ""
            },
            "type": "library",
            "extra": {
                "branch-alias": {
                    "dev-master": "1.0.x-dev"
                }
            },
            "autoload": {
                "psr-0": {
                    "GR\\": "lib/"
                }
            },
            "notification-url": "https://packagist.org/downloads/",
            "license": [
                "MIT"
            ],
            "authors": [
                {
                    "name": "Peter Haight",
                    "email": "peterh@giantrabbit.com"
                }
            ],
            "description": "Some PHP functions we use a lot.",
            "homepage": "https://github.com/giant-rabbit/php-util",
            "time": "2013-12-10 18:51:47"
        }
    ],
    "packages-dev": [

    ],
    "aliases": [

    ],
    "minimum-stability": "dev",
    "stability-flags": [

    ],
    "platform": [

    ],
    "platform-dev": [

    ]
}
